
Microsoft Visual Studio Solution File, Format Version 12.00
# Visual Studio Version 17
VisualStudioVersion = 17.4.33122.133
MinimumVisualStudioVersion = 10.0.40219.1
Project("{F184B08F-C81C-45F6-A57F-5ABD9991F28F}") = "VeterinariasApp", "VeterinariasApp\VeterinariasApp.vbproj", "{B9D3DEA1-CA1A-465E-B81B-0CCD76B160D7}"
EndProject
Global
	GlobalSection(SolutionConfigurationPlatforms) = preSolution
		Debug|Any CPU = Debug|Any CPU
		Release|Any CPU = Release|Any CPU
	EndGlobalSection
	GlobalSection(ProjectConfigurationPlatforms) = postSolution
		{B9D3DEA1-CA1A-465E-B81B-0CCD76B160D7}.Debug|Any CPU.ActiveCfg = Debug|Any CPU
		{B9D3DEA1-CA1A-465E-B81B-0CCD76B160D7}.Debug|Any CPU.Build.0 = Debug|Any CPU
		{B9D3DEA1-CA1A-465E-B81B-0CCD76B160D7}.Release|Any CPU.ActiveCfg = Release|Any CPU
		{B9D3DEA1-CA1A-465E-B81B-0CCD76B160D7}.Release|Any CPU.Build.0 = Release|Any CPU
	EndGlobalSection
	GlobalSection(SolutionProperties) = preSolution
		HideSolutionNode = FALSE
	EndGlobalSection
	GlobalSection(ExtensibilityGlobals) = postSolution
		SolutionGuid = {C1C455CA-9945-4754-A246-905D4F4DE251}
	EndGlobalSection
EndGlobal
